
Microsoft Visual Studio Solution File, Format Version 12.00
# Visual Studio 15
VisualStudioVersion = 15.0.26730.12
MinimumVisualStudioVersion = 10.0.40219.1
Project("{FAE04EC0-301F-11D3-BF4B-00C04F79EFBC}") = "PPKLaporanBab1", "PPKLaporanBab1\PPKLaporanBab1.csproj", "{3E379C99-F1F4-44C1-AB6D-2726AA35963D}"
EndProject
Global
	GlobalSection(SolutionConfigurationPlatforms) = preSolution
		Debug|Any CPU = Debug|Any CPU
		Release|Any CPU = Release|Any CPU
	EndGlobalSection
	GlobalSection(ProjectConfigurationPlatforms) = postSolution
		{3E379C99-F1F4-44C1-AB6D-2726AA35963D}.Debug|Any CPU.ActiveCfg = Debug|Any CPU
		{3E379C99-F1F4-44C1-AB6D-2726AA35963D}.Debug|Any CPU.Build.0 = Debug|Any CPU
		{3E379C99-F1F4-44C1-AB6D-2726AA35963D}.Release|Any CPU.ActiveCfg = Release|Any CPU
		{3E379C99-F1F4-44C1-AB6D-2726AA35963D}.Release|Any CPU.Build.0 = Release|Any CPU
	EndGlobalSection
	GlobalSection(SolutionProperties) = preSolution
		HideSolutionNode = FALSE
	EndGlobalSection
	GlobalSection(ExtensibilityGlobals) = postSolution
		SolutionGuid = {3723311D-F5E1-4259-A368-CBA5A6414C6C}
	EndGlobalSection
EndGlobal
